Microsoft Visual Studio Solution File, Format Version 12.00
# Visual Studio 15
Project("{8BC9CEB8-8B4A-11D0-8D11-00A0C91BC942}") = "ALL_BUILD", "ALL_BUILD.vcxproj", "{AD6DC275-A462-3640-AEB8-59FD2AFFA3EA}"
	ProjectSection(ProjectDependencies) = postProject
		{ECC93716-5E4D-36D7-AC38-88D97CE4A913} = {ECC93716-5E4D-36D7-AC38-88D97CE4A913}
		{7F6BB95B-21FE-3FA7-8CAC-599236FB2313} = {7F6BB95B-21FE-3FA7-8CAC-599236FB2313}
	EndProjectSection
EndProject
Project("{8BC9CEB8-8B4A-11D0-8D11-00A0C91BC942}") = "ZERO_CHECK", "ZERO_CHECK.vcxproj", "{ECC93716-5E4D-36D7-AC38-88D97CE4A913}"
	ProjectSection(ProjectDependencies) = postProject
	EndProjectSection
EndProject
Project("{8BC9CEB8-8B4A-11D0-8D11-00A0C91BC942}") = "libcef_dll_wrapper", "libcef_dll_wrapper.vcxproj", "{7F6BB95B-21FE-3FA7-8CAC-599236FB2313}"
	ProjectSection(ProjectDependencies) = postProject
		{ECC93716-5E4D-36D7-AC38-88D97CE4A913} = {ECC93716-5E4D-36D7-AC38-88D97CE4A913}
	EndProjectSection
EndProject
Global
	GlobalSection(SolutionConfigurationPlatforms) = preSolution
		Debug|Win32 = Debug|Win32
		Release|Win32 = Release|Win32
		MinSizeRel|Win32 = MinSizeRel|Win32
		RelWithDebInfo|Win32 = RelWithDebInfo|Win32
	EndGlobalSection
	GlobalSection(ProjectConfigurationPlatforms) = postSolution
		{AD6DC275-A462-3640-AEB8-59FD2AFFA3EA}.Debug|Win32.ActiveCfg = Debug|Win32
		{AD6DC275-A462-3640-AEB8-59FD2AFFA3EA}.Release|Win32.ActiveCfg = Release|Win32
		{AD6DC275-A462-3640-AEB8-59FD2AFFA3EA}.MinSizeRel|Win32.ActiveCfg = MinSizeRel|Win32
		{AD6DC275-A462-3640-AEB8-59FD2AFFA3EA}.RelWithDebInfo|Win32.ActiveCfg = RelWithDebInfo|Win32
		{ECC93716-5E4D-36D7-AC38-88D97CE4A913}.Debug|Win32.ActiveCfg = Debug|Win32
		{ECC93716-5E4D-36D7-AC38-88D97CE4A913}.Debug|Win32.Build.0 = Debug|Win32
		{ECC93716-5E4D-36D7-AC38-88D97CE4A913}.Release|Win32.ActiveCfg = Release|Win32
		{ECC93716-5E4D-36D7-AC38-88D97CE4A913}.Release|Win32.Build.0 = Release|Win32
		{ECC93716-5E4D-36D7-AC38-88D97CE4A913}.MinSizeRel|Win32.ActiveCfg = MinSizeRel|Win32
		{ECC93716-5E4D-36D7-AC38-88D97CE4A913}.MinSizeRel|Win32.Build.0 = MinSizeRel|Win32
		{ECC93716-5E4D-36D7-AC38-88D97CE4A913}.RelWithDebInfo|Win32.ActiveCfg = RelWithDebInfo|Win32
		{ECC93716-5E4D-36D7-AC38-88D97CE4A913}.RelWithDebInfo|Win32.Build.0 = RelWithDebInfo|Win32
		{7F6BB95B-21FE-3FA7-8CAC-599236FB2313}.Debug|Win32.ActiveCfg = Debug|Win32
		{7F6BB95B-21FE-3FA7-8CAC-599236FB2313}.Debug|Win32.Build.0 = Debug|Win32
		{7F6BB95B-21FE-3FA7-8CAC-599236FB2313}.Release|Win32.ActiveCfg = Release|Win32
		{7F6BB95B-21FE-3FA7-8CAC-599236FB2313}.Release|Win32.Build.0 = Release|Win32
		{7F6BB95B-21FE-3FA7-8CAC-599236FB2313}.MinSizeRel|Win32.ActiveCfg = MinSizeRel|Win32
		{7F6BB95B-21FE-3FA7-8CAC-599236FB2313}.MinSizeRel|Win32.Build.0 = MinSizeRel|Win32
		{7F6BB95B-21FE-3FA7-8CAC-599236FB2313}.RelWithDebInfo|Win32.ActiveCfg = RelWithDebInfo|Win32
		{7F6BB95B-21FE-3FA7-8CAC-599236FB2313}.RelWithDebInfo|Win32.Build.0 = RelWithDebInfo|Win32
	EndGlobalSection
	GlobalSection(ExtensibilityGlobals) = postSolution
		SolutionGuid = {C694CDA9-353E-3C11-985B-B3F3BC0F57F2}
	EndGlobalSection
	GlobalSection(ExtensibilityAddIns) = postSolution
	EndGlobalSection
EndGlobal
